
Microsoft Visual Studio Solution File, Format Version 12.00
# Visual Studio Version 16
VisualStudioVersion = 16.0.31424.327
MinimumVisualStudioVersion = 10.0.40219.1
Project("{9A19103F-16F7-4668-BE54-9A1E7A4F7556}") = "ConcreteProducts.Web", "ConcreteProducts.Web\ConcreteProducts.Web.csproj", "{A553C900-5C15-49D7-865B-E5C1393E0DF8}"
EndProject
Project("{FAE04EC0-301F-11D3-BF4B-00C04F79EFBC}") = "ConcreteProducts.Test", "ConcreteProducts.Test\ConcreteProducts.Test.csproj", "{E00E5EBA-6B0A-4685-9FA2-198095BA4363}"
EndProject
Global
	GlobalSection(SolutionConfigurationPlatforms) = preSolution
		Debug|Any CPU = Debug|Any CPU
		Release|Any CPU = Release|Any CPU
	EndGlobalSection
	GlobalSection(ProjectConfigurationPlatforms) = postSolution
		{A553C900-5C15-49D7-865B-E5C1393E0DF8}.Debug|Any CPU.ActiveCfg = Debug|Any CPU
		{A553C900-5C15-49D7-865B-E5C1393E0DF8}.Debug|Any CPU.Build.0 = Debug|Any CPU
		{A553C900-5C15-49D7-865B-E5C1393E0DF8}.Release|Any CPU.ActiveCfg = Release|Any CPU
		{A553C900-5C15-49D7-865B-E5C1393E0DF8}.Release|Any CPU.Build.0 = Release|Any CPU
		{E00E5EBA-6B0A-4685-9FA2-198095BA4363}.Debug|Any CPU.ActiveCfg = Debug|Any CPU
		{E00E5EBA-6B0A-4685-9FA2-198095BA4363}.Debug|Any CPU.Build.0 = Debug|Any CPU
		{E00E5EBA-6B0A-4685-9FA2-198095BA4363}.Release|Any CPU.ActiveCfg = Release|Any CPU
		{E00E5EBA-6B0A-4685-9FA2-198095BA4363}.Release|Any CPU.Build.0 = Release|Any CPU
	EndGlobalSection
	GlobalSection(SolutionProperties) = preSolution
		HideSolutionNode = FALSE
	EndGlobalSection
	GlobalSection(ExtensibilityGlobals) = postSolution
		SolutionGuid = {585E66D3-93C3-48D1-91FF-B6F16D6C1EFC}
	EndGlobalSection
EndGlobal
